Microsoft Visual Studio Solution File, Format Version 12.00
# Visual Studio 14
VisualStudioVersion = 14.0.25420.1
MinimumVisualStudioVersion = 10.0.40219.1
Project("{2150E333-8FDC-42A3-9474-1A3956D46DE8}") = "DAL", "DAL", "{1CA10A4A-BF6B-4C93-B9FC-B1436100878D}"
EndProject
Project("{2150E333-8FDC-42A3-9474-1A3956D46DE8}") = "BLL", "BLL", "{E4263950-C072-4B0D-A30A-0B533847197B}"
EndProject
Project("{2150E333-8FDC-42A3-9474-1A3956D46DE8}") = "PL", "PL", "{2581BCE2-D138-442D-A11A-ABBC2BB928F6}"
EndProject
Project("{2150E333-8FDC-42A3-9474-1A3956D46DE8}") = "Entities", "Entities", "{82676A8F-38A9-41B5-98EC-E3197B926E1F}"
EndProject
Project("{FAE04EC0-301F-11D3-BF4B-00C04F79EFBC}") = "ArtAlbum.Entities", "ArtAlbum.Entities\ArtAlbum.Entities.csproj", "{44A12A35-1389-408D-8E08-80A213AE314B}"
EndProject
Project("{FAE04EC0-301F-11D3-BF4B-00C04F79EFBC}") = "ArtAlbum.BLL.Abstract", "ArtAlbum.BLL.Abstract\ArtAlbum.BLL.Abstract.csproj", "{6A4979D1-9706-4E2A-822A-2AA7120EE892}"
EndProject
Project("{FAE04EC0-301F-11D3-BF4B-00C04F79EFBC}") = "ArtAlbum.DAL.Abstract", "ArtAlbum.DAL.Abstract\ArtAlbum.DAL.Abstract.csproj", "{8911E4B4-1882-4F41-944D-0F6C4D8CCAFE}"
EndProject
Project("{FAE04EC0-301F-11D3-BF4B-00C04F79EFBC}") = "ArtAlbum.DAL.DataBase", "ArtAlbum.DAL.DataBase\ArtAlbum.DAL.DataBase.csproj", "{17B730E4-29F3-4940-9D94-558DE3E3D9FD}"
EndProject
Project("{FAE04EC0-301F-11D3-BF4B-00C04F79EFBC}") = "ArtAlbum.BLL.DefaultLogic", "ArtAlbum.BLL.DefaultLogic\ArtAlbum.BLL.DefaultLogic.csproj", "{0C1F5C86-A0C6-412A-B23F-6A7E9E3B48EF}"
EndProject
Project("{2150E333-8FDC-42A3-9474-1A3956D46DE8}") = "Models", "Models", "{D9A9E2BB-B2D4-4575-89A8-F1AF69CC442C}"
EndProject
Project("{2150E333-8FDC-42A3-9474-1A3956D46DE8}") = "DI", "DI", "{1F0393B0-ABC2-46F3-98FD-CA13F806F93E}"
EndProject
Project("{FAE04EC0-301F-11D3-BF4B-00C04F79EFBC}") = "ArtAlbum.DI.Providers", "ArtAlbum.DI.Provaiders\ArtAlbum.DI.Providers.csproj", "{DC524918-B567-462B-A90F-742C54F1EB44}"
EndProject
Project("{FAE04EC0-301F-11D3-BF4B-00C04F79EFBC}") = "ArtAlbum.PL.Models", "ArtAlbum.PL.Models\ArtAlbum.PL.Models.csproj", "{B31E028B-781A-4F8E-9898-C3EEE13BC8E2}"
EndProject
Project("{FAE04EC0-301F-11D3-BF4B-00C04F79EFBC}") = "ArtAlbum.PL.Console", "ArtAlbum.PL.Console\ArtAlbum.PL.Console.csproj", "{5B1DDE59-8E99-4514-AE03-FCDEC3AA9503}"
EndProject
Project("{FAE04EC0-301F-11D3-BF4B-00C04F79EFBC}") = "ArtAlbum.UI.Web", "ArtAlbum.UI.Web\ArtAlbum.UI.Web.csproj", "{1BB739B9-54E6-4006-8F79-66870C1C8784}"
EndProject
Global
	GlobalSection(SolutionConfigurationPlatforms) = preSolution
		Debug|Any CPU = Debug|Any CPU
		Release|Any CPU = Release|Any CPU
	EndGlobalSection
	GlobalSection(ProjectConfigurationPlatforms) = postSolution
		{44A12A35-1389-408D-8E08-80A213AE314B}.Debug|Any CPU.ActiveCfg = Debug|Any CPU
		{44A12A35-1389-408D-8E08-80A213AE314B}.Debug|Any CPU.Build.0 = Debug|Any CPU
		{44A12A35-1389-408D-8E08-80A213AE314B}.Release|Any CPU.ActiveCfg = Release|Any CPU
		{44A12A35-1389-408D-8E08-80A213AE314B}.Release|Any CPU.Build.0 = Release|Any CPU
		{6A4979D1-9706-4E2A-822A-2AA7120EE892}.Debug|Any CPU.ActiveCfg = Debug|Any CPU
		{6A4979D1-9706-4E2A-822A-2AA7120EE892}.Debug|Any CPU.Build.0 = Debug|Any CPU
		{6A4979D1-9706-4E2A-822A-2AA7120EE892}.Release|Any CPU.ActiveCfg = Release|Any CPU
		{6A4979D1-9706-4E2A-822A-2AA7120EE892}.Release|Any CPU.Build.0 = Release|Any CPU
		{8911E4B4-1882-4F41-944D-0F6C4D8CCAFE}.Debug|Any CPU.ActiveCfg = Debug|Any CPU
		{8911E4B4-1882-4F41-944D-0F6C4D8CCAFE}.Debug|Any CPU.Build.0 = Debug|Any CPU
		{8911E4B4-1882-4F41-944D-0F6C4D8CCAFE}.Release|Any CPU.ActiveCfg = Release|Any CPU
		{8911E4B4-1882-4F41-944D-0F6C4D8CCAFE}.Release|Any CPU.Build.0 = Release|Any CPU
		{17B730E4-29F3-4940-9D94-558DE3E3D9FD}.Debug|Any CPU.ActiveCfg = Debug|Any CPU
		{17B730E4-29F3-4940-9D94-558DE3E3D9FD}.Debug|Any CPU.Build.0 = Debug|Any CPU
		{17B730E4-29F3-4940-9D94-558DE3E3D9FD}.Release|Any CPU.ActiveCfg = Release|Any CPU
		{17B730E4-29F3-4940-9D94-558DE3E3D9FD}.Release|Any CPU.Build.0 = Release|Any CPU
		{0C1F5C86-A0C6-412A-B23F-6A7E9E3B48EF}.Debug|Any CPU.ActiveCfg = Debug|Any CPU
		{0C1F5C86-A0C6-412A-B23F-6A7E9E3B48EF}.Debug|Any CPU.Build.0 = Debug|Any CPU
		{0C1F5C86-A0C6-412A-B23F-6A7E9E3B48EF}.Release|Any CPU.ActiveCfg = Release|Any CPU
		{0C1F5C86-A0C6-412A-B23F-6A7E9E3B48EF}.Release|Any CPU.Build.0 = Release|Any CPU
		{DC524918-B567-462B-A90F-742C54F1EB44}.Debug|Any CPU.ActiveCfg = Debug|Any CPU
		{DC524918-B567-462B-A90F-742C54F1EB44}.Debug|Any CPU.Build.0 = Debug|Any CPU
		{DC524918-B567-462B-A90F-742C54F1EB44}.Release|Any CPU.ActiveCfg = Release|Any CPU
		{DC524918-B567-462B-A90F-742C54F1EB44}.Release|Any CPU.Build.0 = Release|Any CPU
		{B31E028B-781A-4F8E-9898-C3EEE13BC8E2}.Debug|Any CPU.ActiveCfg = Debug|Any CPU
		{B31E028B-781A-4F8E-9898-C3EEE13BC8E2}.Debug|Any CPU.Build.0 = Debug|Any CPU
		{B31E028B-781A-4F8E-9898-C3EEE13BC8E2}.Release|Any CPU.ActiveCfg = Release|Any CPU
		{B31E028B-781A-4F8E-9898-C3EEE13BC8E2}.Release|Any CPU.Build.0 = Release|Any CPU
		{5B1DDE59-8E99-4514-AE03-FCDEC3AA9503}.Debug|Any CPU.ActiveCfg = Debug|Any CPU
		{5B1DDE59-8E99-4514-AE03-FCDEC3AA9503}.Debug|Any CPU.Build.0 = Debug|Any CPU
		{5B1DDE59-8E99-4514-AE03-FCDEC3AA9503}.Release|Any CPU.ActiveCfg = Release|Any CPU
		{5B1DDE59-8E99-4514-AE03-FCDEC3AA9503}.Release|Any CPU.Build.0 = Release|Any CPU
		{1BB739B9-54E6-4006-8F79-66870C1C8784}.Debug|Any CPU.ActiveCfg = Debug|Any CPU
		{1BB739B9-54E6-4006-8F79-66870C1C8784}.Debug|Any CPU.Build.0 = Debug|Any CPU
		{1BB739B9-54E6-4006-8F79-66870C1C8784}.Release|Any CPU.ActiveCfg = Release|Any CPU
		{1BB739B9-54E6-4006-8F79-66870C1C8784}.Release|Any CPU.Build.0 = Release|Any CPU
	EndGlobalSection
	GlobalSection(SolutionProperties) = preSolution
		HideSolutionNode = FALSE
	EndGlobalSection
	GlobalSection(NestedProjects) = preSolution
		{44A12A35-1389-408D-8E08-80A213AE314B} = {82676A8F-38A9-41B5-98EC-E3197B926E1F}
		{6A4979D1-9706-4E2A-822A-2AA7120EE892} = {E4263950-C072-4B0D-A30A-0B533847197B}
		{8911E4B4-1882-4F41-944D-0F6C4D8CCAFE} = {1CA10A4A-BF6B-4C93-B9FC-B1436100878D}
		{17B730E4-29F3-4940-9D94-558DE3E3D9FD} = {1CA10A4A-BF6B-4C93-B9FC-B1436100878D}
		{0C1F5C86-A0C6-412A-B23F-6A7E9E3B48EF} = {E4263950-C072-4B0D-A30A-0B533847197B}
		{D9A9E2BB-B2D4-4575-89A8-F1AF69CC442C} = {2581BCE2-D138-442D-A11A-ABBC2BB928F6}
		{DC524918-B567-462B-A90F-742C54F1EB44} = {1F0393B0-ABC2-46F3-98FD-CA13F806F93E}
		{B31E028B-781A-4F8E-9898-C3EEE13BC8E2} = {D9A9E2BB-B2D4-4575-89A8-F1AF69CC442C}
		{5B1DDE59-8E99-4514-AE03-FCDEC3AA9503} = {2581BCE2-D138-442D-A11A-ABBC2BB928F6}
		{1BB739B9-54E6-4006-8F79-66870C1C8784} = {2581BCE2-D138-442D-A11A-ABBC2BB928F6}
	EndGlobalSection
EndGlobal
